
Microsoft Visual Studio Solution File, Format Version 12.00
# Visual Studio Version 17
VisualStudioVersion = 17.4.33110.190
MinimumVisualStudioVersion = 10.0.40219.1
Project("{FAE04EC0-301F-11D3-BF4B-00C04F79EFBC}") = "041-JaggedArrays", "041-JaggedArrays.csproj", "{DC95EDED-0B5B-4761-A009-8E469DA34385}"
EndProject
Global
	GlobalSection(SolutionConfigurationPlatforms) = preSolution
		Debug|Any CPU = Debug|Any CPU
		Release|Any CPU = Release|Any CPU
	EndGlobalSection
	GlobalSection(ProjectConfigurationPlatforms) = postSolution
		{DC95EDED-0B5B-4761-A009-8E469DA34385}.Debug|Any CPU.ActiveCfg = Debug|Any CPU
		{DC95EDED-0B5B-4761-A009-8E469DA34385}.Debug|Any CPU.Build.0 = Debug|Any CPU
		{DC95EDED-0B5B-4761-A009-8E469DA34385}.Release|Any CPU.ActiveCfg = Release|Any CPU
		{DC95EDED-0B5B-4761-A009-8E469DA34385}.Release|Any CPU.Build.0 = Release|Any CPU
	EndGlobalSection
	GlobalSection(SolutionProperties) = preSolution
		HideSolutionNode = FALSE
	EndGlobalSection
	GlobalSection(ExtensibilityGlobals) = postSolution
		SolutionGuid = {D142605C-C0C6-43E2-ABA6-A1C577C3F948}
	EndGlobalSection
EndGlobal
