
Microsoft Visual Studio Solution File, Format Version 12.00
# Visual Studio Version 17
VisualStudioVersion = 17.4.33110.190
MinimumVisualStudioVersion = 10.0.40219.1
Project("{FAE04EC0-301F-11D3-BF4B-00C04F79EFBC}") = "037-ArraysContinued", "037-ArraysContinued.csproj", "{B25FF328-4B0B-462D-80A4-5AE638E5BA7A}"
EndProject
Global
	GlobalSection(SolutionConfigurationPlatforms) = preSolution
		Debug|Any CPU = Debug|Any CPU
		Release|Any CPU = Release|Any CPU
	EndGlobalSection
	GlobalSection(ProjectConfigurationPlatforms) = postSolution
		{B25FF328-4B0B-462D-80A4-5AE638E5BA7A}.Debug|Any CPU.ActiveCfg = Debug|Any CPU
		{B25FF328-4B0B-462D-80A4-5AE638E5BA7A}.Debug|Any CPU.Build.0 = Debug|Any CPU
		{B25FF328-4B0B-462D-80A4-5AE638E5BA7A}.Release|Any CPU.ActiveCfg = Release|Any CPU
		{B25FF328-4B0B-462D-80A4-5AE638E5BA7A}.Release|Any CPU.Build.0 = Release|Any CPU
	EndGlobalSection
	GlobalSection(SolutionProperties) = preSolution
		HideSolutionNode = FALSE
	EndGlobalSection
	GlobalSection(ExtensibilityGlobals) = postSolution
		SolutionGuid = {CCBA1E8A-320A-4656-B4B2-45188D352962}
	EndGlobalSection
EndGlobal
