
Microsoft Visual Studio Solution File, Format Version 12.00
# Visual Studio Version 17
VisualStudioVersion = 17.3.32901.215
MinimumVisualStudioVersion = 10.0.40219.1
Project("{FAE04EC0-301F-11D3-BF4B-00C04F79EFBC}") = "013-StringManipulation", "013-StringManipulation.csproj", "{8071819F-F5E4-429C-B6C3-A436E09C936C}"
EndProject
Global
	GlobalSection(SolutionConfigurationPlatforms) = preSolution
		Debug|Any CPU = Debug|Any CPU
		Release|Any CPU = Release|Any CPU
	EndGlobalSection
	GlobalSection(ProjectConfigurationPlatforms) = postSolution
		{8071819F-F5E4-429C-B6C3-A436E09C936C}.Debug|Any CPU.ActiveCfg = Debug|Any CPU
		{8071819F-F5E4-429C-B6C3-A436E09C936C}.Debug|Any CPU.Build.0 = Debug|Any CPU
		{8071819F-F5E4-429C-B6C3-A436E09C936C}.Release|Any CPU.ActiveCfg = Release|Any CPU
		{8071819F-F5E4-429C-B6C3-A436E09C936C}.Release|Any CPU.Build.0 = Release|Any CPU
	EndGlobalSection
	GlobalSection(SolutionProperties) = preSolution
		HideSolutionNode = FALSE
	EndGlobalSection
	GlobalSection(ExtensibilityGlobals) = postSolution
		SolutionGuid = {578AE17B-3E5A-4705-A63E-7ABE807D4455}
	EndGlobalSection
EndGlobal
