
Microsoft Visual Studio Solution File, Format Version 12.00
# Visual Studio Version 17
VisualStudioVersion = 17.3.32929.385
MinimumVisualStudioVersion = 10.0.40219.1
Project("{FAE04EC0-301F-11D3-BF4B-00C04F79EFBC}") = "019-UserInput", "019-UserInput.csproj", "{D6DCE0BE-7298-435C-8FCE-1BEE328088EF}"
EndProject
Global
	GlobalSection(SolutionConfigurationPlatforms) = preSolution
		Debug|Any CPU = Debug|Any CPU
		Release|Any CPU = Release|Any CPU
	EndGlobalSection
	GlobalSection(ProjectConfigurationPlatforms) = postSolution
		{D6DCE0BE-7298-435C-8FCE-1BEE328088EF}.Debug|Any CPU.ActiveCfg = Debug|Any CPU
		{D6DCE0BE-7298-435C-8FCE-1BEE328088EF}.Debug|Any CPU.Build.0 = Debug|Any CPU
		{D6DCE0BE-7298-435C-8FCE-1BEE328088EF}.Release|Any CPU.ActiveCfg = Release|Any CPU
		{D6DCE0BE-7298-435C-8FCE-1BEE328088EF}.Release|Any CPU.Build.0 = Release|Any CPU
	EndGlobalSection
	GlobalSection(SolutionProperties) = preSolution
		HideSolutionNode = FALSE
	EndGlobalSection
	GlobalSection(ExtensibilityGlobals) = postSolution
		SolutionGuid = {497F2573-4DD4-4A53-95FF-75EE9F8D1A20}
	EndGlobalSection
EndGlobal
