
Microsoft Visual Studio Solution File, Format Version 12.00
# Visual Studio Version 17
VisualStudioVersion = 17.3.32929.385
MinimumVisualStudioVersion = 10.0.40219.1
Project("{FAE04EC0-301F-11D3-BF4B-00C04F79EFBC}") = "020-TryCatchFinally", "020-TryCatchFinally.csproj", "{4D4A258D-40D4-4308-BCC0-455B380423A9}"
EndProject
Global
	GlobalSection(SolutionConfigurationPlatforms) = preSolution
		Debug|Any CPU = Debug|Any CPU
		Release|Any CPU = Release|Any CPU
	EndGlobalSection
	GlobalSection(ProjectConfigurationPlatforms) = postSolution
		{4D4A258D-40D4-4308-BCC0-455B380423A9}.Debug|Any CPU.ActiveCfg = Debug|Any CPU
		{4D4A258D-40D4-4308-BCC0-455B380423A9}.Debug|Any CPU.Build.0 = Debug|Any CPU
		{4D4A258D-40D4-4308-BCC0-455B380423A9}.Release|Any CPU.ActiveCfg = Release|Any CPU
		{4D4A258D-40D4-4308-BCC0-455B380423A9}.Release|Any CPU.Build.0 = Release|Any CPU
	EndGlobalSection
	GlobalSection(SolutionProperties) = preSolution
		HideSolutionNode = FALSE
	EndGlobalSection
	GlobalSection(ExtensibilityGlobals) = postSolution
		SolutionGuid = {41011376-9471-4E7E-90B6-4B69A8C4F70F}
	EndGlobalSection
EndGlobal
