
Microsoft Visual Studio Solution File, Format Version 12.00
# Visual Studio Version 17
VisualStudioVersion = 17.4.33110.190
MinimumVisualStudioVersion = 10.0.40219.1
Project("{FAE04EC0-301F-11D3-BF4B-00C04F79EFBC}") = "045-ArrayLists", "045-ArrayLists.csproj", "{7529DB0D-DBCA-4DBB-AC02-55FCF9832FF2}"
EndProject
Global
	GlobalSection(SolutionConfigurationPlatforms) = preSolution
		Debug|Any CPU = Debug|Any CPU
		Release|Any CPU = Release|Any CPU
	EndGlobalSection
	GlobalSection(ProjectConfigurationPlatforms) = postSolution
		{7529DB0D-DBCA-4DBB-AC02-55FCF9832FF2}.Debug|Any CPU.ActiveCfg = Debug|Any CPU
		{7529DB0D-DBCA-4DBB-AC02-55FCF9832FF2}.Debug|Any CPU.Build.0 = Debug|Any CPU
		{7529DB0D-DBCA-4DBB-AC02-55FCF9832FF2}.Release|Any CPU.ActiveCfg = Release|Any CPU
		{7529DB0D-DBCA-4DBB-AC02-55FCF9832FF2}.Release|Any CPU.Build.0 = Release|Any CPU
	EndGlobalSection
	GlobalSection(SolutionProperties) = preSolution
		HideSolutionNode = FALSE
	EndGlobalSection
	GlobalSection(ExtensibilityGlobals) = postSolution
		SolutionGuid = {80634F97-555A-461A-97AF-48679B1F42B5}
	EndGlobalSection
EndGlobal
