
Microsoft Visual Studio Solution File, Format Version 12.00
# Visual Studio Version 17
VisualStudioVersion = 17.4.33110.190
MinimumVisualStudioVersion = 10.0.40219.1
Project("{FAE04EC0-301F-11D3-BF4B-00C04F79EFBC}") = "039-MultiDimensionalArrays", "039-MultiDimensionalArrays.csproj", "{C2461793-0D94-477B-A530-122438D165A8}"
EndProject
Global
	GlobalSection(SolutionConfigurationPlatforms) = preSolution
		Debug|Any CPU = Debug|Any CPU
		Release|Any CPU = Release|Any CPU
	EndGlobalSection
	GlobalSection(ProjectConfigurationPlatforms) = postSolution
		{C2461793-0D94-477B-A530-122438D165A8}.Debug|Any CPU.ActiveCfg = Debug|Any CPU
		{C2461793-0D94-477B-A530-122438D165A8}.Debug|Any CPU.Build.0 = Debug|Any CPU
		{C2461793-0D94-477B-A530-122438D165A8}.Release|Any CPU.ActiveCfg = Release|Any CPU
		{C2461793-0D94-477B-A530-122438D165A8}.Release|Any CPU.Build.0 = Release|Any CPU
	EndGlobalSection
	GlobalSection(SolutionProperties) = preSolution
		HideSolutionNode = FALSE
	EndGlobalSection
	GlobalSection(ExtensibilityGlobals) = postSolution
		SolutionGuid = {B3973E75-48CF-414B-8BFC-7A42A6B60F7B}
	EndGlobalSection
EndGlobal
