
Microsoft Visual Studio Solution File, Format Version 12.00
# Visual Studio Version 17
VisualStudioVersion = 17.3.32901.215
MinimumVisualStudioVersion = 10.0.40219.1
Project("{FAE04EC0-301F-11D3-BF4B-00C04F79EFBC}") = "002-VariablesAndDataTypes", "002-VariablesAndDataTypes.csproj", "{DDC36997-59AA-4ABA-8C7D-BAD42820B0E4}"
EndProject
Global
	GlobalSection(SolutionConfigurationPlatforms) = preSolution
		Debug|Any CPU = Debug|Any CPU
		Release|Any CPU = Release|Any CPU
	EndGlobalSection
	GlobalSection(ProjectConfigurationPlatforms) = postSolution
		{DDC36997-59AA-4ABA-8C7D-BAD42820B0E4}.Debug|Any CPU.ActiveCfg = Debug|Any CPU
		{DDC36997-59AA-4ABA-8C7D-BAD42820B0E4}.Debug|Any CPU.Build.0 = Debug|Any CPU
		{DDC36997-59AA-4ABA-8C7D-BAD42820B0E4}.Release|Any CPU.ActiveCfg = Release|Any CPU
		{DDC36997-59AA-4ABA-8C7D-BAD42820B0E4}.Release|Any CPU.Build.0 = Release|Any CPU
	EndGlobalSection
	GlobalSection(SolutionProperties) = preSolution
		HideSolutionNode = FALSE
	EndGlobalSection
	GlobalSection(ExtensibilityGlobals) = postSolution
		SolutionGuid = {176BD358-2081-404A-842E-C87C3D7750D6}
	EndGlobalSection
EndGlobal
