
Microsoft Visual Studio Solution File, Format Version 12.00
# Visual Studio Version 17
VisualStudioVersion = 17.4.33110.190
MinimumVisualStudioVersion = 10.0.40219.1
Project("{FAE04EC0-301F-11D3-BF4B-00C04F79EFBC}") = "042-ArraysAsParameters", "042-ArraysAsParameters.csproj", "{DD677646-A739-44C8-AEE8-3A46448F1A91}"
EndProject
Global
	GlobalSection(SolutionConfigurationPlatforms) = preSolution
		Debug|Any CPU = Debug|Any CPU
		Release|Any CPU = Release|Any CPU
	EndGlobalSection
	GlobalSection(ProjectConfigurationPlatforms) = postSolution
		{DD677646-A739-44C8-AEE8-3A46448F1A91}.Debug|Any CPU.ActiveCfg = Debug|Any CPU
		{DD677646-A739-44C8-AEE8-3A46448F1A91}.Debug|Any CPU.Build.0 = Debug|Any CPU
		{DD677646-A739-44C8-AEE8-3A46448F1A91}.Release|Any CPU.ActiveCfg = Release|Any CPU
		{DD677646-A739-44C8-AEE8-3A46448F1A91}.Release|Any CPU.Build.0 = Release|Any CPU
	EndGlobalSection
	GlobalSection(SolutionProperties) = preSolution
		HideSolutionNode = FALSE
	EndGlobalSection
	GlobalSection(ExtensibilityGlobals) = postSolution
		SolutionGuid = {FF0A4F00-36D5-45D9-B6C8-288B936C254D}
	EndGlobalSection
EndGlobal
